{
    "_readme": [
        "This file locks the dependencies of your project to a known state",
        "Read more about it at https://getcomposer.org/doc/01-basic-usage.md#installing-dependencies",
        "This file is @generated automatically"
    ],
    "content-hash": "4e8d6564ad8c8c2ea16a49292c7a2323",
    "packages": [
        {
            "name": "basement/basement",
            "version": "dev-master",
            "source": {
                "type": "git",
                "url": "https://github.com/linlanye/basement.git",
                "reference": "084a867814559bb65ef23872755fafdc8eb161c8"
            },
            "dist": {
                "type": "zip",
                "url": "https://api.github.com/repos/linlanye/basement/zipball/084a867814559bb65ef23872755fafdc8eb161c8",
                "reference": "084a867814559bb65ef23872755fafdc8eb161c8",
                "shasum": ""
            },
            "require": {
                "php": "^7.2.0"
            },
            "type": "library",
            "autoload": {
                "psr-4": {
                    "basement\\": "src/"
                },
                "files": [
                    "Linker.php"
                ]
            },
            "notification-url": "https://packagist.org/downloads/",
            "license": [
                "MIT"
            ],
            "authors": [
                {
                    "name": "林澜叶 (linlanye)",
                    "email": "linlanye@sina.cn"
                }
            ],
            "description": "php常用web功能组件通用化",
            "homepage": "https://github.com/linlanye/basement",
            "keywords": [
                "basement",
                "components",
                "general",
                "linlanye"
            ],
            "time": "2018-11-16T07:05:28+00:00"
        }
    ],
    "packages-dev": [],
    "aliases": [],
    "minimum-stability": "stable",
    "stability-flags": {
        "basement/basement": 20
    },
    "prefer-stable": false,
    "prefer-lowest": false,
    "platform": {
        "php": "^7.2.0"
    },
    "platform-dev": []
}
